
Microsoft Visual Studio Solution File, Format Version 12.00
# Visual Studio Version 16
Project("{8BC9CEB8-8B4A-11D0-8D11-00A0C91BC942}") = "ALL_BUILD", "ALL_BUILD.vcxproj", "{FAFD9F80-FD66-35DB-99DE-752AC673C21B}"
	ProjectSection(ProjectDependencies) = postProject
		{09DED419-185C-31C2-AD24-A1661C3E8E4D} = {09DED419-185C-31C2-AD24-A1661C3E8E4D}
		{01687742-A178-38A5-842C-CD4AEC741304} = {01687742-A178-38A5-842C-CD4AEC741304}
		{DD56E08D-08C7-3939-9AB1-E10C9BDA3651} = {DD56E08D-08C7-3939-9AB1-E10C9BDA3651}
		{6F9DD3B9-06D0-3FC8-B2CD-365D5144157A} = {6F9DD3B9-06D0-3FC8-B2CD-365D5144157A}
		{BA7C8231-8803-37FB-BFCD-9F58746DB818} = {BA7C8231-8803-37FB-BFCD-9F58746DB818}
		{65F067DA-B05B-349D-815D-98ED574BA484} = {65F067DA-B05B-349D-815D-98ED574BA484}
		{B6DC4428-DBB5-3AEA-8C46-19C1F0CB2CAC} = {B6DC4428-DBB5-3AEA-8C46-19C1F0CB2CAC}
		{E5BECFC8-CB1A-3FC8-AE33-7CDFF0E2A2C8} = {E5BECFC8-CB1A-3FC8-AE33-7CDFF0E2A2C8}
	EndProjectSection
EndProject
Project("{8BC9CEB8-8B4A-11D0-8D11-00A0C91BC942}") = "ZERO_CHECK", "..\\ZERO_CHECK.vcxproj", "{09DED419-185C-31C2-AD24-A1661C3E8E4D}"
	ProjectSection(ProjectDependencies) = postProject
	EndProjectSection
EndProject
Project("{8BC9CEB8-8B4A-11D0-8D11-00A0C91BC942}") = "benchmark", "benchmark.vcxproj", "{01687742-A178-38A5-842C-CD4AEC741304}"
	ProjectSection(ProjectDependencies) = postProject
		{09DED419-185C-31C2-AD24-A1661C3E8E4D} = {09DED419-185C-31C2-AD24-A1661C3E8E4D}
	EndProjectSection
EndProject
Project("{8BC9CEB8-8B4A-11D0-8D11-00A0C91BC942}") = "convert", "convert.vcxproj", "{DD56E08D-08C7-3939-9AB1-E10C9BDA3651}"
	ProjectSection(ProjectDependencies) = postProject
		{09DED419-185C-31C2-AD24-A1661C3E8E4D} = {09DED419-185C-31C2-AD24-A1661C3E8E4D}
	EndProjectSection
EndProject
Project("{8BC9CEB8-8B4A-11D0-8D11-00A0C91BC942}") = "info", "info.vcxproj", "{6F9DD3B9-06D0-3FC8-B2CD-365D5144157A}"
	ProjectSection(ProjectDependencies) = postProject
		{09DED419-185C-31C2-AD24-A1661C3E8E4D} = {09DED419-185C-31C2-AD24-A1661C3E8E4D}
	EndProjectSection
EndProject
Project("{8BC9CEB8-8B4A-11D0-8D11-00A0C91BC942}") = "phat", "phat.vcxproj", "{BA7C8231-8803-37FB-BFCD-9F58746DB818}"
	ProjectSection(ProjectDependencies) = postProject
		{09DED419-185C-31C2-AD24-A1661C3E8E4D} = {09DED419-185C-31C2-AD24-A1661C3E8E4D}
	EndProjectSection
EndProject
Project("{8BC9CEB8-8B4A-11D0-8D11-00A0C91BC942}") = "phat2", "phat2.vcxproj", "{65F067DA-B05B-349D-815D-98ED574BA484}"
	ProjectSection(ProjectDependencies) = postProject
		{09DED419-185C-31C2-AD24-A1661C3E8E4D} = {09DED419-185C-31C2-AD24-A1661C3E8E4D}
	EndProjectSection
EndProject
Project("{8BC9CEB8-8B4A-11D0-8D11-00A0C91BC942}") = "phat_example", "phat_example.vcxproj", "{B6DC4428-DBB5-3AEA-8C46-19C1F0CB2CAC}"
	ProjectSection(ProjectDependencies) = postProject
		{09DED419-185C-31C2-AD24-A1661C3E8E4D} = {09DED419-185C-31C2-AD24-A1661C3E8E4D}
		{BA7C8231-8803-37FB-BFCD-9F58746DB818} = {BA7C8231-8803-37FB-BFCD-9F58746DB818}
	EndProjectSection
EndProject
Project("{8BC9CEB8-8B4A-11D0-8D11-00A0C91BC942}") = "self_test", "self_test.vcxproj", "{E5BECFC8-CB1A-3FC8-AE33-7CDFF0E2A2C8}"
	ProjectSection(ProjectDependencies) = postProject
		{09DED419-185C-31C2-AD24-A1661C3E8E4D} = {09DED419-185C-31C2-AD24-A1661C3E8E4D}
	EndProjectSection
EndProject
Global
	GlobalSection(SolutionConfigurationPlatforms) = preSolution
		Debug|x64 = Debug|x64
		Release|x64 = Release|x64
		MinSizeRel|x64 = MinSizeRel|x64
		RelWithDebInfo|x64 = RelWithDebInfo|x64
	EndGlobalSection
	GlobalSection(ProjectConfigurationPlatforms) = postSolution
		{FAFD9F80-FD66-35DB-99DE-752AC673C21B}.Debug|x64.ActiveCfg = Debug|x64
		{FAFD9F80-FD66-35DB-99DE-752AC673C21B}.Release|x64.ActiveCfg = Release|x64
		{FAFD9F80-FD66-35DB-99DE-752AC673C21B}.MinSizeRel|x64.ActiveCfg = MinSizeRel|x64
		{FAFD9F80-FD66-35DB-99DE-752AC673C21B}.RelWithDebInfo|x64.ActiveCfg = RelWithDebInfo|x64
		{09DED419-185C-31C2-AD24-A1661C3E8E4D}.Debug|x64.ActiveCfg = Debug|x64
		{09DED419-185C-31C2-AD24-A1661C3E8E4D}.Debug|x64.Build.0 = Debug|x64
		{09DED419-185C-31C2-AD24-A1661C3E8E4D}.Release|x64.ActiveCfg = Release|x64
		{09DED419-185C-31C2-AD24-A1661C3E8E4D}.Release|x64.Build.0 = Release|x64
		{09DED419-185C-31C2-AD24-A1661C3E8E4D}.MinSizeRel|x64.ActiveCfg = MinSizeRel|x64
		{09DED419-185C-31C2-AD24-A1661C3E8E4D}.MinSizeRel|x64.Build.0 = MinSizeRel|x64
		{09DED419-185C-31C2-AD24-A1661C3E8E4D}.RelWithDebInfo|x64.ActiveCfg = RelWithDebInfo|x64
		{09DED419-185C-31C2-AD24-A1661C3E8E4D}.RelWithDebInfo|x64.Build.0 = RelWithDebInfo|x64
		{01687742-A178-38A5-842C-CD4AEC741304}.Debug|x64.ActiveCfg = Debug|x64
		{01687742-A178-38A5-842C-CD4AEC741304}.Debug|x64.Build.0 = Debug|x64
		{01687742-A178-38A5-842C-CD4AEC741304}.Release|x64.ActiveCfg = Release|x64
		{01687742-A178-38A5-842C-CD4AEC741304}.Release|x64.Build.0 = Release|x64
		{01687742-A178-38A5-842C-CD4AEC741304}.MinSizeRel|x64.ActiveCfg = MinSizeRel|x64
		{01687742-A178-38A5-842C-CD4AEC741304}.MinSizeRel|x64.Build.0 = MinSizeRel|x64
		{01687742-A178-38A5-842C-CD4AEC741304}.RelWithDebInfo|x64.ActiveCfg = RelWithDebInfo|x64
		{01687742-A178-38A5-842C-CD4AEC741304}.RelWithDebInfo|x64.Build.0 = RelWithDebInfo|x64
		{DD56E08D-08C7-3939-9AB1-E10C9BDA3651}.Debug|x64.ActiveCfg = Debug|x64
		{DD56E08D-08C7-3939-9AB1-E10C9BDA3651}.Debug|x64.Build.0 = Debug|x64
		{DD56E08D-08C7-3939-9AB1-E10C9BDA3651}.Release|x64.ActiveCfg = Release|x64
		{DD56E08D-08C7-3939-9AB1-E10C9BDA3651}.Release|x64.Build.0 = Release|x64
		{DD56E08D-08C7-3939-9AB1-E10C9BDA3651}.MinSizeRel|x64.ActiveCfg = MinSizeRel|x64
		{DD56E08D-08C7-3939-9AB1-E10C9BDA3651}.MinSizeRel|x64.Build.0 = MinSizeRel|x64
		{DD56E08D-08C7-3939-9AB1-E10C9BDA3651}.RelWithDebInfo|x64.ActiveCfg = RelWithDebInfo|x64
		{DD56E08D-08C7-3939-9AB1-E10C9BDA3651}.RelWithDebInfo|x64.Build.0 = RelWithDebInfo|x64
		{6F9DD3B9-06D0-3FC8-B2CD-365D5144157A}.Debug|x64.ActiveCfg = Debug|x64
		{6F9DD3B9-06D0-3FC8-B2CD-365D5144157A}.Debug|x64.Build.0 = Debug|x64
		{6F9DD3B9-06D0-3FC8-B2CD-365D5144157A}.Release|x64.ActiveCfg = Release|x64
		{6F9DD3B9-06D0-3FC8-B2CD-365D5144157A}.Release|x64.Build.0 = Release|x64
		{6F9DD3B9-06D0-3FC8-B2CD-365D5144157A}.MinSizeRel|x64.ActiveCfg = MinSizeRel|x64
		{6F9DD3B9-06D0-3FC8-B2CD-365D5144157A}.MinSizeRel|x64.Build.0 = MinSizeRel|x64
		{6F9DD3B9-06D0-3FC8-B2CD-365D5144157A}.RelWithDebInfo|x64.ActiveCfg = RelWithDebInfo|x64
		{6F9DD3B9-06D0-3FC8-B2CD-365D5144157A}.RelWithDebInfo|x64.Build.0 = RelWithDebInfo|x64
		{BA7C8231-8803-37FB-BFCD-9F58746DB818}.Debug|x64.ActiveCfg = Debug|x64
		{BA7C8231-8803-37FB-BFCD-9F58746DB818}.Debug|x64.Build.0 = Debug|x64
		{BA7C8231-8803-37FB-BFCD-9F58746DB818}.Release|x64.ActiveCfg = Release|x64
		{BA7C8231-8803-37FB-BFCD-9F58746DB818}.Release|x64.Build.0 = Release|x64
		{BA7C8231-8803-37FB-BFCD-9F58746DB818}.MinSizeRel|x64.ActiveCfg = MinSizeRel|x64
		{BA7C8231-8803-37FB-BFCD-9F58746DB818}.MinSizeRel|x64.Build.0 = MinSizeRel|x64
		{BA7C8231-8803-37FB-BFCD-9F58746DB818}.RelWithDebInfo|x64.ActiveCfg = RelWithDebInfo|x64
		{BA7C8231-8803-37FB-BFCD-9F58746DB818}.RelWithDebInfo|x64.Build.0 = RelWithDebInfo|x64
		{65F067DA-B05B-349D-815D-98ED574BA484}.Debug|x64.ActiveCfg = Debug|x64
		{65F067DA-B05B-349D-815D-98ED574BA484}.Debug|x64.Build.0 = Debug|x64
		{65F067DA-B05B-349D-815D-98ED574BA484}.Release|x64.ActiveCfg = Release|x64
		{65F067DA-B05B-349D-815D-98ED574BA484}.Release|x64.Build.0 = Release|x64
		{65F067DA-B05B-349D-815D-98ED574BA484}.MinSizeRel|x64.ActiveCfg = MinSizeRel|x64
		{65F067DA-B05B-349D-815D-98ED574BA484}.MinSizeRel|x64.Build.0 = MinSizeRel|x64
		{65F067DA-B05B-349D-815D-98ED574BA484}.RelWithDebInfo|x64.ActiveCfg = RelWithDebInfo|x64
		{65F067DA-B05B-349D-815D-98ED574BA484}.RelWithDebInfo|x64.Build.0 = RelWithDebInfo|x64
		{B6DC4428-DBB5-3AEA-8C46-19C1F0CB2CAC}.Debug|x64.ActiveCfg = Debug|x64
		{B6DC4428-DBB5-3AEA-8C46-19C1F0CB2CAC}.Debug|x64.Build.0 = Debug|x64
		{B6DC4428-DBB5-3AEA-8C46-19C1F0CB2CAC}.Release|x64.ActiveCfg = Release|x64
		{B6DC4428-DBB5-3AEA-8C46-19C1F0CB2CAC}.Release|x64.Build.0 = Release|x64
		{B6DC4428-DBB5-3AEA-8C46-19C1F0CB2CAC}.MinSizeRel|x64.ActiveCfg = MinSizeRel|x64
		{B6DC4428-DBB5-3AEA-8C46-19C1F0CB2CAC}.MinSizeRel|x64.Build.0 = MinSizeRel|x64
		{B6DC4428-DBB5-3AEA-8C46-19C1F0CB2CAC}.RelWithDebInfo|x64.ActiveCfg = RelWithDebInfo|x64
		{B6DC4428-DBB5-3AEA-8C46-19C1F0CB2CAC}.RelWithDebInfo|x64.Build.0 = RelWithDebInfo|x64
		{E5BECFC8-CB1A-3FC8-AE33-7CDFF0E2A2C8}.Debug|x64.ActiveCfg = Debug|x64
		{E5BECFC8-CB1A-3FC8-AE33-7CDFF0E2A2C8}.Debug|x64.Build.0 = Debug|x64
		{E5BECFC8-CB1A-3FC8-AE33-7CDFF0E2A2C8}.Release|x64.ActiveCfg = Release|x64
		{E5BECFC8-CB1A-3FC8-AE33-7CDFF0E2A2C8}.Release|x64.Build.0 = Release|x64
		{E5BECFC8-CB1A-3FC8-AE33-7CDFF0E2A2C8}.MinSizeRel|x64.ActiveCfg = MinSizeRel|x64
		{E5BECFC8-CB1A-3FC8-AE33-7CDFF0E2A2C8}.MinSizeRel|x64.Build.0 = MinSizeRel|x64
		{E5BECFC8-CB1A-3FC8-AE33-7CDFF0E2A2C8}.RelWithDebInfo|x64.ActiveCfg = RelWithDebInfo|x64
		{E5BECFC8-CB1A-3FC8-AE33-7CDFF0E2A2C8}.RelWithDebInfo|x64.Build.0 = RelWithDebInfo|x64
	EndGlobalSection
	GlobalSection(ExtensibilityGlobals) = postSolution
		SolutionGuid = {A7BC6D0C-A758-30D9-B575-92A5BEB0E012}
	EndGlobalSection
	GlobalSection(ExtensibilityAddIns) = postSolution
	EndGlobalSection
EndGlobal
